{
  "requires": true,
  "lockfileVersion": 1,
  "dependencies": {
    "@cloudbase/adapter-interface": {
      "version": "0.4.1",
      "resolved": "https://registry.npmjs.org/@cloudbase/adapter-interface/-/adapter-interface-0.4.1.tgz",
      "integrity": "sha512-DJBhBUMg6pYByaw4II7rawbW8nu+x+faZFIxIkWeTRSxboW/jS3NpBQ7kAbycEJVAB2DO77FsnaHKYAMLnvwzw=="
    },
    "@cloudbase/app": {
      "version": "1.0.2",
      "resolved": "https://registry.npmjs.org/@cloudbase/app/-/app-1.0.2.tgz",
      "integrity": "sha512-tzx4ln400UZbdVZrRXtC/DxEEVrV5Dnbvpm3+kKuA6IsaA2ZVZB/JZKSbRVYGeQWNUubhk6JA4wTSTwAI/9YHA==",
      "requires": {
        "@cloudbase/adapter-interface": "^0.4.0",
        "@cloudbase/types": "^1.0.0",
        "@cloudbase/utilities": "^1.0.2",
        "cloudbase-adapter-wx_mp": "^0.1.1"
      }
    },
    "@cloudbase/auth": {
      "version": "1.0.2",
      "resolved": "https://registry.npmjs.org/@cloudbase/auth/-/auth-1.0.2.tgz",
      "integrity": "sha512-fcXa9UOkscD45S02JZaKwj5BakRGB6tErtHaMVZnca0ho3haE3mgQHa0jMedIRet5V84DZcCRE3HzvFRZJOnqg==",
      "requires": {
        "@cloudbase/adapter-interface": "^0.4.0",
        "@cloudbase/app": "^1.0.2",
        "@cloudbase/types": "^1.0.0",
        "@cloudbase/utilities": "^1.0.2"
      }
    },
    "@cloudbase/functions": {
      "version": "1.0.2",
      "resolved": "https://registry.npmjs.org/@cloudbase/functions/-/functions-1.0.2.tgz",
      "integrity": "sha512-AyMcjt0M2mVv76SfNy76ToC96hGDCBs5Xmv8dJADZWKYsA8y2o8juiWCIfzTJxojft7E95v1+vzyC2JaJX0Jig==",
      "requires": {
        "@cloudbase/adapter-interface": "^0.4.0",
        "@cloudbase/types": "^1.0.0",
        "@cloudbase/utilities": "^1.0.2"
      }
    },
    "@cloudbase/js-sdk": {
      "version": "1.0.2",
      "resolved": "https://registry.npmjs.org/@cloudbase/js-sdk/-/js-sdk-1.0.2.tgz",
      "integrity": "sha512-DIhCggqg8XjOBIwZkZ1h9XmTYRMB2VK5MsSpNJwtAQsGlJ2P+wW9ehAAUaNexhpkE8mdm4h0/FWJ2l0J/yBW+Q==",
      "requires": {
        "@cloudbase/app": "^1.0.2",
        "@cloudbase/auth": "^1.0.2",
        "@cloudbase/database": "^0.9.15",
        "@cloudbase/functions": "^1.0.2",
        "@cloudbase/storage": "^1.0.2",
        "@cloudbase/types": "^1.0.0",
        "@cloudbase/utilities": "^1.0.2"
      },
      "dependencies": {
        "@cloudbase/database": {
          "version": "0.9.15",
          "resolved": "https://registry.npmjs.org/@cloudbase/database/-/database-0.9.15.tgz",
          "integrity": "sha512-63e7iIl+van41B39Tw4ScNe9TRCt+5GHjc7q6i8NzkWBLC3U3KlbWo79YHsUHUPI79POpQ8UMlMVo7HXIAO3dg==",
          "requires": {
            "bson": "^4.0.2",
            "lodash.clonedeep": "4.5.0",
            "lodash.set": "4.3.2",
            "lodash.unset": "4.5.2"
          }
        }
      }
    },
    "@cloudbase/storage": {
      "version": "1.0.2",
      "resolved": "https://registry.npmjs.org/@cloudbase/storage/-/storage-1.0.2.tgz",
      "integrity": "sha512-Q6tv5BS5AplCUqQ5YN2WbTtIICSBDDYAwR33GpAe7FAiTgDqEJgMYCjFIeJKVgesuRvFduy1uYmWE2CqubJr0g==",
      "requires": {
        "@cloudbase/types": "^1.0.0",
        "@cloudbase/utilities": "^1.0.2"
      }
    },
    "@cloudbase/types": {
      "version": "1.0.0",
      "resolved": "https://registry.npmjs.org/@cloudbase/types/-/types-1.0.0.tgz",
      "integrity": "sha512-mfeivhjwHn2yaiKI95o00qYbvDkqL0MsU7BJHqsj0PdVaezYH8whcU8M5uR/iIYUmXxXyCkQcP+b54D4h83naA==",
      "requires": {
        "@cloudbase/adapter-interface": "^0.4.0"
      }
    },
    "@cloudbase/utilities": {
      "version": "1.0.2",
      "resolved": "https://registry.npmjs.org/@cloudbase/utilities/-/utilities-1.0.2.tgz",
      "integrity": "sha512-nxwTCMGOhJ2Po8+gnrKBakxL0p+5Q3xAYJwXquXpgs3nCiRe20gZil+0irISFUAZPMgRg1ZAp2aLI25IyfMaXQ==",
      "requires": {
        "@cloudbase/adapter-interface": "^0.4.0",
        "@cloudbase/types": "^1.0.0",
        "crypto-js": "^4.0.0"
      },
      "dependencies": {
        "crypto-js": {
          "version": "4.0.0",
          "resolved": "https://registry.npmjs.org/crypto-js/-/crypto-js-4.0.0.tgz",
          "integrity": "sha512-bzHZN8Pn+gS7DQA6n+iUmBfl0hO5DJq++QP3U6uTucDtk/0iGpXd/Gg7CGR0p8tJhofJyaKoWBuJI4eAO00BBg=="
        }
      }
    },
    "base64-js": {
      "version": "1.3.1",
      "resolved": "https://registry.npmjs.org/base64-js/-/base64-js-1.3.1.tgz",
      "integrity": "sha512-mLQ4i2QO1ytvGWFWmcngKO//JXAQueZvwEKtjgQFM4jIK0kU+ytMfplL8j+n5mspOfjHwoAg+9yhb7BwAHm36g=="
    },
    "bson": {
      "version": "4.0.4",
      "resolved": "https://registry.npmjs.org/bson/-/bson-4.0.4.tgz",
      "integrity": "sha512-Ioi3TD0/1V3aI8+hPfC56TetYmzfq2H07jJa9A1lKTxWsFtHtYdLMGMXjtGEg9v0f72NSM07diRQEUNYhLupIA==",
      "requires": {
        "buffer": "^5.1.0",
        "long": "^4.0.0"
      }
    },
    "buffer": {
      "version": "5.6.0",
      "resolved": "https://registry.npmjs.org/buffer/-/buffer-5.6.0.tgz",
      "integrity": "sha512-/gDYp/UtU0eA1ys8bOs9J6a+E/KWIY+DZ+Q2WESNUA0jFRsJOc0SNUO6xJ5SGA1xueg3NL65W6s+NY5l9cunuw==",
      "requires": {
        "base64-js": "^1.0.2",
        "ieee754": "^1.1.4"
      }
    },
    "cloudbase-adapter-wx_mp": {
      "version": "0.1.2",
      "resolved": "https://registry.npmjs.org/cloudbase-adapter-wx_mp/-/cloudbase-adapter-wx_mp-0.1.2.tgz",
      "integrity": "sha512-RRWQFeUUtih/wPpA/5sIlqc+nTm8nWei2eMJvEEnZjflr1EzbVCjkzgzzosGCbjgzT5QTU+ql3zSEotepaMmpA==",
      "requires": {
        "@cloudbase/adapter-interface": "^0.4.0"
      }
    },
    "ieee754": {
      "version": "1.1.13",
      "resolved": "https://registry.npmjs.org/ieee754/-/ieee754-1.1.13.tgz",
      "integrity": "sha512-4vf7I2LYV/HaWerSo3XmlMkp5eZ83i+/CDluXi/IGTs/O1sejBNhTtnxzmRZfvOUqj7lZjqHkeTvpgSFDlWZTg=="
    },
    "lodash.clonedeep": {
      "version": "4.5.0",
      "resolved": "https://registry.npmjs.org/lodash.clonedeep/-/lodash.clonedeep-4.5.0.tgz",
      "integrity": "sha1-4j8/nE+Pvd6HJSnBBxhXoIblzO8="
    },
    "lodash.set": {
      "version": "4.3.2",
      "resolved": "https://registry.npmjs.org/lodash.set/-/lodash.set-4.3.2.tgz",
      "integrity": "sha1-2HV7HagH3eJIFrDWqEvqGnYjCyM="
    },
    "lodash.unset": {
      "version": "4.5.2",
      "resolved": "https://registry.npmjs.org/lodash.unset/-/lodash.unset-4.5.2.tgz",
      "integrity": "sha1-Nw0dPoW3Kn4bDN8tJyEhMG8j5O0="
    },
    "long": {
      "version": "4.0.0",
      "resolved": "https://registry.npmjs.org/long/-/long-4.0.0.tgz",
      "integrity": "sha512-XsP+KhQif4bjX1kbuSiySJFNAehNxgLb6hPRGJ9QsUr8ajHkuXGdrHmFUTUUXhDwVX2R5bY4JNZEwbUiMhV+MA=="
    }
  }
}
